
Microsoft Visual Studio Solution File, Format Version 12.00
# Visual Studio Version 17
VisualStudioVersion = 17.14.36603.0 d17.14
MinimumVisualStudioVersion = 10.0.40219.1
Project("{FAE04EC0-301F-11D3-BF4B-00C04F79EFBC}") = "raylibShenanigans", "raylibShenanigans\raylibShenanigans.csproj", "{FCE8B6B0-D7C7-490A-9783-9ADD8C8E46E9}"
EndProject
Global
	GlobalSection(SolutionConfigurationPlatforms) = preSolution
		Debug|Any CPU = Debug|Any CPU
		Release|Any CPU = Release|Any CPU
	EndGlobalSection
	GlobalSection(ProjectConfigurationPlatforms) = postSolution
		{FCE8B6B0-D7C7-490A-9783-9ADD8C8E46E9}.Debug|Any CPU.ActiveCfg = Debug|Any CPU
		{FCE8B6B0-D7C7-490A-9783-9ADD8C8E46E9}.Debug|Any CPU.Build.0 = Debug|Any CPU
		{FCE8B6B0-D7C7-490A-9783-9ADD8C8E46E9}.Release|Any CPU.ActiveCfg = Release|Any CPU
		{FCE8B6B0-D7C7-490A-9783-9ADD8C8E46E9}.Release|Any CPU.Build.0 = Release|Any CPU
	EndGlobalSection
	GlobalSection(SolutionProperties) = preSolution
		HideSolutionNode = FALSE
	EndGlobalSection
	GlobalSection(ExtensibilityGlobals) = postSolution
		SolutionGuid = {6E8A4C49-D87C-474C-957A-4A0C41D3FD8F}
	EndGlobalSection
EndGlobal
